// !$*UTF8*$!
{
	archiveVersion = 1;
	classes = {
	};
	objectVersion = 46;
	objects = {

/* Begin PBXBuildFile section */
		8DC27E891CBDEFC300916AE9 /* main.m in Sources */ = {isa = PBXBuildFile; fileRef = 8DC27E881CBDEFC300916AE9 /* main.m */; };
		8DC27E8C1CBDEFC300916AE9 /* AppDelegate.m in Sources */ = {isa = PBXBuildFile; fileRef = 8DC27E8B1CBDEFC300916AE9 /* AppDelegate.m */; };
		8DC27E8F1CBDEFC300916AE9 /* ViewController.m in Sources */ = {isa = PBXBuildFile; fileRef = 8DC27E8E1CBDEFC300916AE9 /* ViewController.m */; };
		8DC27E921CBDEFC400916AE9 /* Main.storyboard in Resources */ = {isa = PBXBuildFile; fileRef = 8DC27E901CBDEFC400916AE9 /* Main.storyboard */; };
		8DC27E941CBDEFC400916AE9 /* Assets.xcassets in Resources */ = {isa = PBXBuildFile; fileRef = 8DC27E931CBDEFC400916AE9 /* Assets.xcassets */; };
		8DC27E971CBDEFC400916AE9 /* LaunchScreen.storyboard in Resources */ = {isa = PBXBuildFile; fileRef = 8DC27E951CBDEFC400916AE9 /* LaunchScreen.storyboard */; };
		8DC27EA21CBDEFC400916AE9 /* UIFrameTests.m in Sources */ = {isa = PBXBuildFile; fileRef = 8DC27EA11CBDEFC400916AE9 /* UIFrameTests.m */; };
		8DC27EAD1CBDEFC400916AE9 /* UIFrameUITests.m in Sources */ = {isa = PBXBuildFile; fileRef = 8DC27EAC1CBDEFC400916AE9 /* UIFrameUITests.m */; };
/* End PBXBuildFile section */

/* Begin PBXContainerItemProxy section */
		8DC27E9E1CBDEFC400916AE9 /* PBXContainerItemProxy */ = {
			isa = PBXContainerItemProxy;
			containerPortal = 8DC27E7C1CBDEFC300916AE9 /* Project object */;
			proxyType = 1;
			remoteGlobalIDString = 8DC27E831CBDEFC300916AE9;
			remoteInfo = UIFrame;
		};
		8DC27EA91CBDEFC400916AE9 /* PBXContainerItemProxy */ = {
			isa = PBXContainerItemProxy;
			containerPortal = 8DC27E7C1CBDEFC300916AE9 /* Project object */;
			proxyType = 1;
			remoteGlobalIDString = 8DC27E831CBDEFC300916AE9;
			remoteInfo = UIFrame;
		};
/* End PBXContainerItemProxy section */

/* Begin PBXFileReference section */
		8DC27E841CBDEFC300916AE9 /* UIFrame.app */ = {isa = PBXFileReference; explicitFileType = wrapper.application; includeInIndex = 0; path = UIFrame.app; sourceTree = BUILT_PRODUCTS_DIR; };
		8DC27E881CBDEFC300916AE9 /* main.m */ = {isa = PBXFileReference; lastKnownFileType = sourcecode.c.objc; path = main.m; sourceTree = "<group>"; };
		8DC27E8A1CBDEFC300916AE9 /* AppDelegate.h */ = {isa = PBXFileReference; lastKnownFileType = sourcecode.c.h; path = AppDelegate.h; sourceTree = "<group>"; };
		8DC27E8B1CBDEFC300916AE9 /* AppDelegate.m */ = {isa = PBXFileReference; lastKnownFileType = sourcecode.c.objc; path = AppDelegate.m; sourceTree = "<group>"; };
		8DC27E8D1CBDEFC300916AE9 /* ViewController.h */ = {isa = PBXFileReference; lastKnownFileType = sourcecode.c.h; path = ViewController.h; sourceTree = "<group>"; };
		8DC27E8E1CBDEFC300916AE9 /* ViewController.m */ = {isa = PBXFileReference; lastKnownFileType = sourcecode.c.objc; path = ViewController.m; sourceTree = "<group>"; };
		8DC27E911CBDEFC400916AE9 /* Base */ = {isa = PBXFileReference; lastKnownFileType = file.storyboard; name = Base; path = Base.lproj/Main.storyboard; sourceTree = "<group>"; };
		8DC27E931CBDEFC400916AE9 /* Assets.xcassets */ = {isa = PBXFileReference; lastKnownFileType = folder.assetcatalog; path = Assets.xcassets; sourceTree = "<group>"; };
		8DC27E961CBDEFC400916AE9 /* Base */ = {isa = PBXFileReference; lastKnownFileType = file.storyboard; name = Base; path = Base.lproj/LaunchScreen.storyboard; sourceTree = "<group>"; };
		8DC27E981CBDEFC400916AE9 /* Info.plist */ = {isa = PBXFileReference; lastKnownFileType = text.plist.xml; path = Info.plist; sourceTree = "<group>"; };
		8DC27E9D1CBDEFC400916AE9 /* UIFrameTests.xctest */ = {isa = PBXFileReference; explicitFileType = wrapper.cfbundle; includeInIndex = 0; path = UIFrameTests.xctest; sourceTree = BUILT_PRODUCTS_DIR; };
		8DC27EA11CBDEFC400916AE9 /* UIFrameTests.m */ = {isa = PBXFileReference; lastKnownFileType = sourcecode.c.objc; path = UIFrameTests.m; sourceTree = "<group>"; };
		8DC27EA31CBDEFC400916AE9 /* Info.plist */ = {isa = PBXFileReference; lastKnownFileType = text.plist.xml; path = Info.plist; sourceTree = "<group>"; };
		8DC27EA81CBDEFC400916AE9 /* UIFrameUITests.xctest */ = {isa = PBXFileReference; explicitFileType = wrapper.cfbundle; includeInIndex = 0; path = UIFrameUITests.xctest; sourceTree = BUILT_PRODUCTS_DIR; };
		8DC27EAC1CBDEFC400916AE9 /* UIFrameUITests.m */ = {isa = PBXFileReference; lastKnownFileType = sourcecode.c.objc; path = UIFrameUITests.m; sourceTree = "<group>"; };
		8DC27EAE1CBDEFC400916AE9 /* Info.plist */ = {isa = PBXFileReference; lastKnownFileType = text.plist.xml; path = Info.plist; sourceTree = "<group>"; };
/* End PBXFileReference section */

/* Begin PBXFrameworksBuildPhase section */
		8DC27E811CBDEFC300916AE9 /* Frameworks */ = {
			isa = PBXFrameworksBuildPhase;
			buildActionMask = 2147483647;
			files = (
			);
			runOnlyForDeploymentPostprocessing = 0;
		};
		8DC27E9A1CBDEFC400916AE9 /* Frameworks */ = {
			isa = PBXFrameworksBuildPhase;
			buildActionMask = 2147483647;
			files = (
			);
			runOnlyForDeploymentPostprocessing = 0;
		};
		8DC27EA51CBDEFC400916AE9 /* Frameworks */ = {
			isa = PBXFrameworksBuildPhase;
			buildActionMask = 2147483647;
			files = (
			);
			runOnlyForDeploymentPostprocessing = 0;
		};
/* End PBXFrameworksBuildPhase section */

/* Begin PBXGroup section */
		8DC27E7B1CBDEFC300916AE9 = {
			isa = PBXGroup;
			children = (
				8DC27E861CBDEFC300916AE9 /* UIFrame */,
				8DC27EA01CBDEFC400916AE9 /* UIFrameTests */,
				8DC27EAB1CBDEFC400916AE9 /* UIFrameUITests */,
				8DC27E851CBDEFC300916AE9 /* Products */,
			);
			sourceTree = "<group>";
		};
		8DC27E851CBDEFC300916AE9 /* Products */ = {
			isa = PBXGroup;
			children = (
				8DC27E841CBDEFC300916AE9 /* UIFrame.app */,
				8DC27E9D1CBDEFC400916AE9 /* UIFrameTests.xctest */,
				8DC27EA81CBDEFC400916AE9 /* UIFrameUITests.xctest */,
			);
			name = Products;
			sourceTree = "<group>";
		};
		8DC27E861CBDEFC300916AE9 /* UIFrame */ = {
			isa = PBXGroup;
			children = (
				8DC27E8A1CBDEFC300916AE9 /* AppDelegate.h */,
				8DC27E8B1CBDEFC300916AE9 /* AppDelegate.m */,
				8DC27E8D1CBDEFC300916AE9 /* ViewController.h */,
				8DC27E8E1CBDEFC300916AE9 /* ViewController.m */,
				8DC27E901CBDEFC400916AE9 /* Main.storyboard */,
				8DC27E931CBDEFC400916AE9 /* Assets.xcassets */,
				8DC27E951CBDEFC400916AE9 /* LaunchScreen.storyboard */,
				8DC27E981CBDEFC400916AE9 /* Info.plist */,
				8DC27E871CBDEFC300916AE9 /* Supporting Files */,
			);
			path = UIFrame;
			sourceTree = "<group>";
		};
		8DC27E871CBDEFC300916AE9 /* Supporting Files */ = {
			isa = PBXGroup;
			children = (
				8DC27E881CBDEFC300916AE9 /* main.m */,
			);
			name = "Supporting Files";
			sourceTree = "<group>";
		};
		8DC27EA01CBDEFC400916AE9 /* UIFrameTests */ = {
			isa = PBXGroup;
			children = (
				8DC27EA11CBDEFC400916AE9 /* UIFrameTests.m */,
				8DC27EA31CBDEFC400916AE9 /* Info.plist */,
			);
			path = UIFrameTests;
			sourceTree = "<group>";
		};
		8DC27EAB1CBDEFC400916AE9 /* UIFrameUITests */ = {
			isa = PBXGroup;
			children = (
				8DC27EAC1CBDEFC400916AE9 /* UIFrameUITests.m */,
				8DC27EAE1CBDEFC400916AE9 /* Info.plist */,
			);
			path = UIFrameUITests;
			sourceTree = "<group>";
		};
/* End PBXGroup section */

/* Begin PBXNativeTarget section */
		8DC27E831CBDEFC300916AE9 /* UIFrame */ = {
			isa = PBXNativeTarget;
			buildConfigurationList = 8DC27EB11CBDEFC400916AE9 /* Build configuration list for PBXNativeTarget "UIFrame" */;
			buildPhases = (
				8DC27E801CBDEFC300916AE9 /* Sources */,
				8DC27E811CBDEFC300916AE9 /* Frameworks */,
				8DC27E821CBDEFC300916AE9 /* Resources */,
			);
			buildRules = (
			);
			dependencies = (
			);
			name = UIFrame;
			productName = UIFrame;
			productReference = 8DC27E841CBDEFC300916AE9 /* UIFrame.app */;
			productType = "com.apple.product-type.application";
		};
		8DC27E9C1CBDEFC400916AE9 /* UIFrameTests */ = {
			isa = PBXNativeTarget;
			buildConfigurationList = 8DC27EB41CBDEFC400916AE9 /* Build configuration list for PBXNativeTarget "UIFrameTests" */;
			buildPhases = (
				8DC27E991CBDEFC400916AE9 /* Sources */,
				8DC27E9A1CBDEFC400916AE9 /* Frameworks */,
				8DC27E9B1CBDEFC400916AE9 /* Resources */,
			);
			buildRules = (
			);
			dependencies = (
				8DC27E9F1CBDEFC400916AE9 /* PBXTargetDependency */,
			);
			name = UIFrameTests;
			productName = UIFrameTests;
			productReference = 8DC27E9D1CBDEFC400916AE9 /* UIFrameTests.xctest */;
			productType = "com.apple.product-type.bundle.unit-test";
		};
		8DC27EA71CBDEFC400916AE9 /* UIFrameUITests */ = {
			isa = PBXNativeTarget;
			buildConfigurationList = 8DC27EB71CBDEFC400916AE9 /* Build configuration list for PBXNativeTarget "UIFrameUITests" */;
			buildPhases = (
				8DC27EA41CBDEFC400916AE9 /* Sources */,
				8DC27EA51CBDEFC400916AE9 /* Frameworks */,
				8DC27EA61CBDEFC400916AE9 /* Resources */,
			);
			buildRules = (
			);
			dependencies = (
				8DC27EAA1CBDEFC400916AE9 /* PBXTargetDependency */,
			);
			name = UIFrameUITests;
			productName = UIFrameUITests;
			productReference = 8DC27EA81CBDEFC400916AE9 /* UIFrameUITests.xctest */;
			productType = "com.apple.product-type.bundle.ui-testing";
		};
/* End PBXNativeTarget section */

/* Begin PBXProject section */
		8DC27E7C1CBDEFC300916AE9 /* Project object */ = {
			isa = PBXProject;
			attributes = {
				LastUpgradeCheck = 0730;
				ORGANIZATIONNAME = LanceZH;
				TargetAttributes = {
					8DC27E831CBDEFC300916AE9 = {
						CreatedOnToolsVersion = 7.3;
					};
					8DC27E9C1CBDEFC400916AE9 = {
						CreatedOnToolsVersion = 7.3;
						TestTargetID = 8DC27E831CBDEFC300916AE9;
					};
					8DC27EA71CBDEFC400916AE9 = {
						CreatedOnToolsVersion = 7.3;
						TestTargetID = 8DC27E831CBDEFC300916AE9;
					};
				};
			};
			buildConfigurationList = 8DC27E7F1CBDEFC300916AE9 /* Build configuration list for PBXProject "UIFrame" */;
			compatibilityVersion = "Xcode 3.2";
			developmentRegion = English;
			hasScannedForEncodings = 0;
			knownRegions = (
				en,
				Base,
			);
			mainGroup = 8DC27E7B1CBDEFC300916AE9;
			productRefGroup = 8DC27E851CBDEFC300916AE9 /* Products */;
			projectDirPath = "";
			projectRoot = "";
			targets = (
				8DC27E831CBDEFC300916AE9 /* UIFrame */,
				8DC27E9C1CBDEFC400916AE9 /* UIFrameTests */,
				8DC27EA71CBDEFC400916AE9 /* UIFrameUITests */,
			);
		};
/* End PBXProject section */

/* Begin PBXResourcesBuildPhase section */
		8DC27E821CBDEFC300916AE9 /* Resources */ = {
			isa = PBXResourcesBuildPhase;
			buildActionMask = 2147483647;
			files = (
				8DC27E971CBDEFC400916AE9 /* LaunchScreen.storyboard in Resources */,
				8DC27E941CBDEFC400916AE9 /* Assets.xcassets in Resources */,
				8DC27E921CBDEFC400916AE9 /* Main.storyboard in Resources */,
			);
			runOnlyForDeploymentPostprocessing = 0;
		};
		8DC27E9B1CBDEFC400916AE9 /* Resources */ = {
			isa = PBXResourcesBuildPhase;
			buildActionMask = 2147483647;
			files = (
			);
			runOnlyForDeploymentPostprocessing = 0;
		};
		8DC27EA61CBDEFC400916AE9 /* Resources */ = {
			isa = PBXResourcesBuildPhase;
			buildActionMask = 2147483647;
			files = (
			);
			runOnlyForDeploymentPostprocessing = 0;
		};
/* End PBXResourcesBuildPhase section */

/* Begin PBXSourcesBuildPhase section */
		8DC27E801CBDEFC300916AE9 /* Sources */ = {
			isa = PBXSourcesBuildPhase;
			buildActionMask = 2147483647;
			files = (
				8DC27E8F1CBDEFC300916AE9 /* ViewController.m in Sources */,
				8DC27E8C1CBDEFC300916AE9 /* AppDelegate.m in Sources */,
				8DC27E891CBDEFC300916AE9 /* main.m in Sources */,
			);
			runOnlyForDeploymentPostprocessing = 0;
		};
		8DC27E991CBDEFC400916AE9 /* Sources */ = {
			isa = PBXSourcesBuildPhase;
			buildActionMask = 2147483647;
			files = (
				8DC27EA21CBDEFC400916AE9 /* UIFrameTests.m in Sources */,
			);
			runOnlyForDeploymentPostprocessing = 0;
		};
		8DC27EA41CBDEFC400916AE9 /* Sources */ = {
			isa = PBXSourcesBuildPhase;
			buildActionMask = 2147483647;
			files = (
				8DC27EAD1CBDEFC400916AE9 /* UIFrameUITests.m in Sources */,
			);
			runOnlyForDeploymentPostprocessing = 0;
		};
/* End PBXSourcesBuildPhase section */

/* Begin PBXTargetDependency section */
		8DC27E9F1CBDEFC400916AE9 /* PBXTargetDependency */ = {
			isa = PBXTargetDependency;
			target = 8DC27E831CBDEFC300916AE9 /* UIFrame */;
			targetProxy = 8DC27E9E1CBDEFC400916AE9 /* PBXContainerItemProxy */;
		};
		8DC27EAA1CBDEFC400916AE9 /* PBXTargetDependency */ = {
			isa = PBXTargetDependency;
			target = 8DC27E831CBDEFC300916AE9 /* UIFrame */;
			targetProxy = 8DC27EA91CBDEFC400916AE9 /* PBXContainerItemProxy */;
		};
/* End PBXTargetDependency section */

/* Begin PBXVariantGroup section */
		8DC27E901CBDEFC400916AE9 /* Main.storyboard */ = {
			isa = PBXVariantGroup;
			children = (
				8DC27E911CBDEFC400916AE9 /* Base */,
			);
			name = Main.storyboard;
			sourceTree = "<group>";
		};
		8DC27E951CBDEFC400916AE9 /* LaunchScreen.storyboard */ = {
			isa = PBXVariantGroup;
			children = (
				8DC27E961CBDEFC400916AE9 /* Base */,
			);
			name = LaunchScreen.storyboard;
			sourceTree = "<group>";
		};
/* End PBXVariantGroup section */

/* Begin XCBuildConfiguration section */
		8DC27EAF1CBDEFC400916AE9 /* Debug */ = {
			isa = XCBuildConfiguration;
			buildSettings = {
				ALWAYS_SEARCH_USER_PATHS = NO;
				CLANG_ANALYZER_NONNULL = YES;
				CLANG_CXX_LANGUAGE_STANDARD = "gnu++0x";
				CLANG_CXX_LIBRARY = "libc++";
				CLANG_ENABLE_MODULES = YES;
				CLANG_ENABLE_OBJC_ARC = YES;
				CLANG_WARN_BOOL_CONVERSION = YES;
				CLANG_WARN_CONSTANT_CONVERSION = YES;
				CLANG_WARN_DIRECT_OBJC_ISA_USAGE = YES_ERROR;
				CLANG_WARN_EMPTY_BODY = YES;
				CLANG_WARN_ENUM_CONVERSION = YES;
				CLANG_WARN_INT_CONVERSION = YES;
				CLANG_WARN_OBJC_ROOT_CLASS = YES_ERROR;
				CLANG_WARN_UNREACHABLE_CODE = YES;
				CLANG_WARN__DUPLICATE_METHOD_MATCH = YES;
				"CODE_SIGN_IDENTITY[sdk=iphoneos*]" = "iPhone Developer";
				COPY_PHASE_STRIP = NO;
				DEBUG_INFORMATION_FORMAT = dwarf;
				ENABLE_STRICT_OBJC_MSGSEND = YES;
				ENABLE_TESTABILITY = YES;
				GCC_C_LANGUAGE_STANDARD = gnu99;
				GCC_DYNAMIC_NO_PIC = NO;
				GCC_NO_COMMON_BLOCKS = YES;
				GCC_OPTIMIZATION_LEVEL = 0;
				GCC_PREPROCESSOR_DEFINITIONS = (
					"DEBUG=1",
					"$(inherited)",
				);
				GCC_WARN_64_TO_32_BIT_CONVERSION = YES;
				GCC_WARN_ABOUT_RETURN_TYPE = YES_ERROR;
				GCC_WARN_UNDECLARED_SELECTOR = YES;
				GCC_WARN_UNINITIALIZED_AUTOS = YES_AGGRESSIVE;
				GCC_WARN_UNUSED_FUNCTION = YES;
				GCC_WARN_UNUSED_VARIABLE = YES;
				IPHONEOS_DEPLOYMENT_TARGET = 9.3;
				MTL_ENABLE_DEBUG_INFO = YES;
				ONLY_ACTIVE_ARCH = YES;
				SDKROOT = iphoneos;
			};
			name = Debug;
		};
		8DC27EB01CBDEFC400916AE9 /* Release */ = {
			isa = XCBuildConfiguration;
			buildSettings = {
				ALWAYS_SEARCH_USER_PATHS = NO;
				CLANG_ANALYZER_NONNULL = YES;
				CLANG_CXX_LANGUAGE_STANDARD = "gnu++0x";
				CLANG_CXX_LIBRARY = "libc++";
				CLANG_ENABLE_MODULES = YES;
				CLANG_ENABLE_OBJC_ARC = YES;
				CLANG_WARN_BOOL_CONVERSION = YES;
				CLANG_WARN_CONSTANT_CONVERSION = YES;
				CLANG_WARN_DIRECT_OBJC_ISA_USAGE = YES_ERROR;
				CLANG_WARN_EMPTY_BODY = YES;
				CLANG_WARN_ENUM_CONVERSION = YES;
				CLANG_WARN_INT_CONVERSION = YES;
				CLANG_WARN_OBJC_ROOT_CLASS = YES_ERROR;
				CLANG_WARN_UNREACHABLE_CODE = YES;
				CLANG_WARN__DUPLICATE_METHOD_MATCH = YES;
				"CODE_SIGN_IDENTITY[sdk=iphoneos*]" = "iPhone Developer";
				COPY_PHASE_STRIP = NO;
				DEBUG_INFORMATION_FORMAT = "dwarf-with-dsym";
				ENABLE_NS_ASSERTIONS = NO;
				ENABLE_STRICT_OBJC_MSGSEND = YES;
				GCC_C_LANGUAGE_STANDARD = gnu99;
				GCC_NO_COMMON_BLOCKS = YES;
				GCC_WARN_64_TO_32_BIT_CONVERSION = YES;
				GCC_WARN_ABOUT_RETURN_TYPE = YES_ERROR;
				GCC_WARN_UNDECLARED_SELECTOR = YES;
				GCC_WARN_UNINITIALIZED_AUTOS = YES_AGGRESSIVE;
				GCC_WARN_UNUSED_FUNCTION = YES;
				GCC_WARN_UNUSED_VARIABLE = YES;
				IPHONEOS_DEPLOYMENT_TARGET = 9.3;
				MTL_ENABLE_DEBUG_INFO = NO;
				SDKROOT = iphoneos;
				VALIDATE_PRODUCT = YES;
			};
			name = Release;
		};
		8DC27EB21CBDEFC400916AE9 /* Debug */ = {
			isa = XCBuildConfiguration;
			buildSettings = {
				ASSETCATALOG_COMPILER_APPICON_NAME = AppIcon;
				INFOPLIST_FILE = UIFrame/Info.plist;
				LD_RUNPATH_SEARCH_PATHS = "$(inherited) @executable_path/Frameworks";
				PRODUCT_BUNDLE_IDENTIFIER = cn.zhongjin.168licaiwang.UIFrame;
				PRODUCT_NAME = "$(TARGET_NAME)";
			};
			name = Debug;
		};
		8DC27EB31CBDEFC400916AE9 /* Release */ = {
			isa = XCBuildConfiguration;
			buildSettings = {
				ASSETCATALOG_COMPILER_APPICON_NAME = AppIcon;
				INFOPLIST_FILE = UIFrame/Info.plist;
				LD_RUNPATH_SEARCH_PATHS = "$(inherited) @executable_path/Frameworks";
				PRODUCT_BUNDLE_IDENTIFIER = cn.zhongjin.168licaiwang.UIFrame;
				PRODUCT_NAME = "$(TARGET_NAME)";
			};
			name = Release;
		};
		8DC27EB51CBDEFC400916AE9 /* Debug */ = {
			isa = XCBuildConfiguration;
			buildSettings = {
				BUNDLE_LOADER = "$(TEST_HOST)";
				INFOPLIST_FILE = UIFrameTests/Info.plist;
				LD_RUNPATH_SEARCH_PATHS = "$(inherited) @executable_path/Frameworks @loader_path/Frameworks";
				PRODUCT_BUNDLE_IDENTIFIER = cn.zhongjin.168licaiwang.UIFrameTests;
				PRODUCT_NAME = "$(TARGET_NAME)";
				TEST_HOST = "$(BUILT_PRODUCTS_DIR)/UIFrame.app/UIFrame";
			};
			name = Debug;
		};
		8DC27EB61CBDEFC400916AE9 /* Release */ = {
			isa = XCBuildConfiguration;
			buildSettings = {
				BUNDLE_LOADER = "$(TEST_HOST)";
				INFOPLIST_FILE = UIFrameTests/Info.plist;
				LD_RUNPATH_SEARCH_PATHS = "$(inherited) @executable_path/Frameworks @loader_path/Frameworks";
				PRODUCT_BUNDLE_IDENTIFIER = cn.zhongjin.168licaiwang.UIFrameTests;
				PRODUCT_NAME = "$(TARGET_NAME)";
				TEST_HOST = "$(BUILT_PRODUCTS_DIR)/UIFrame.app/UIFrame";
			};
			name = Release;
		};
		8DC27EB81CBDEFC400916AE9 /* Debug */ = {
			isa = XCBuildConfiguration;
			buildSettings = {
				INFOPLIST_FILE = UIFrameUITests/Info.plist;
				LD_RUNPATH_SEARCH_PATHS = "$(inherited) @executable_path/Frameworks @loader_path/Frameworks";
				PRODUCT_BUNDLE_IDENTIFIER = cn.zhongjin.168licaiwang.UIFrameUITests;
				PRODUCT_NAME = "$(TARGET_NAME)";
				TEST_TARGET_NAME = UIFrame;
			};
			name = Debug;
		};
		8DC27EB91CBDEFC400916AE9 /* Release */ = {
			isa = XCBuildConfiguration;
			buildSettings = {
				INFOPLIST_FILE = UIFrameUITests/Info.plist;
				LD_RUNPATH_SEARCH_PATHS = "$(inherited) @executable_path/Frameworks @loader_path/Frameworks";
				PRODUCT_BUNDLE_IDENTIFIER = cn.zhongjin.168licaiwang.UIFrameUITests;
				PRODUCT_NAME = "$(TARGET_NAME)";
				TEST_TARGET_NAME = UIFrame;
			};
			name = Release;
		};
/* End XCBuildConfiguration section */

/* Begin XCConfigurationList section */
		8DC27E7F1CBDEFC300916AE9 /* Build configuration list for PBXProject "UIFrame" */ = {
			isa = XCConfigurationList;
			buildConfigurations = (
				8DC27EAF1CBDEFC400916AE9 /* Debug */,
				8DC27EB01CBDEFC400916AE9 /* Release */,
			);
			defaultConfigurationIsVisible = 0;
			defaultConfigurationName = Release;
		};
		8DC27EB11CBDEFC400916AE9 /* Build configuration list for PBXNativeTarget "UIFrame" */ = {
			isa = XCConfigurationList;
			buildConfigurations = (
				8DC27EB21CBDEFC400916AE9 /* Debug */,
				8DC27EB31CBDEFC400916AE9 /* Release */,
			);
			defaultConfigurationIsVisible = 0;
		};
		8DC27EB41CBDEFC400916AE9 /* Build configuration list for PBXNativeTarget "UIFrameTests" */ = {
			isa = XCConfigurationList;
			buildConfigurations = (
				8DC27EB51CBDEFC400916AE9 /* Debug */,
				8DC27EB61CBDEFC400916AE9 /* Release */,
			);
			defaultConfigurationIsVisible = 0;
		};
		8DC27EB71CBDEFC400916AE9 /* Build configuration list for PBXNativeTarget "UIFrameUITests" */ = {
			isa = XCConfigurationList;
			buildConfigurations = (
				8DC27EB81CBDEFC400916AE9 /* Debug */,
				8DC27EB91CBDEFC400916AE9 /* Release */,
			);
			defaultConfigurationIsVisible = 0;
		};
/* End XCConfigurationList section */
	};
	rootObject = 8DC27E7C1CBDEFC300916AE9 /* Project object */;
}
